
Microsoft Visual Studio Solution File, Format Version 12.00
# Visual Studio Version 16
VisualStudioVersion = 25.0.1705.6
MinimumVisualStudioVersion = 10.0.40219.1
Project("{FAE04EC0-301F-11D3-BF4B-00C04F79EFBC}") = "cs-webapi-experiment", "cs-webapi-experiment.csproj", "{AE660569-45AB-4777-B5DE-2CF8F37260DE}"
EndProject
Project("{FAE04EC0-301F-11D3-BF4B-00C04F79EFBC}") = "cs_webapi_experiment.Data", "..\cs_webapi_experiment.Data\cs_webapi_experiment.Data.csproj", "{E1743E29-1572-43CF-96B0-FE0D78F7AEFC}"
EndProject
Project("{FAE04EC0-301F-11D3-BF4B-00C04F79EFBC}") = "cs_webapi_experiment.Core", "..\cs_webapi_experiment.Core\cs_webapi_experiment.Core.csproj", "{C8319DDF-A81C-4564-B771-91060AB0E963}"
EndProject
Global
	GlobalSection(SolutionConfigurationPlatforms) = preSolution
		Debug|Any CPU = Debug|Any CPU
		Release|Any CPU = Release|Any CPU
	EndGlobalSection
	GlobalSection(ProjectConfigurationPlatforms) = postSolution
		{AE660569-45AB-4777-B5DE-2CF8F37260DE}.Debug|Any CPU.ActiveCfg = Debug|Any CPU
		{AE660569-45AB-4777-B5DE-2CF8F37260DE}.Debug|Any CPU.Build.0 = Debug|Any CPU
		{AE660569-45AB-4777-B5DE-2CF8F37260DE}.Release|Any CPU.ActiveCfg = Release|Any CPU
		{AE660569-45AB-4777-B5DE-2CF8F37260DE}.Release|Any CPU.Build.0 = Release|Any CPU
		{E1743E29-1572-43CF-96B0-FE0D78F7AEFC}.Debug|Any CPU.ActiveCfg = Debug|Any CPU
		{E1743E29-1572-43CF-96B0-FE0D78F7AEFC}.Debug|Any CPU.Build.0 = Debug|Any CPU
		{E1743E29-1572-43CF-96B0-FE0D78F7AEFC}.Release|Any CPU.ActiveCfg = Release|Any CPU
		{E1743E29-1572-43CF-96B0-FE0D78F7AEFC}.Release|Any CPU.Build.0 = Release|Any CPU
		{C8319DDF-A81C-4564-B771-91060AB0E963}.Debug|Any CPU.ActiveCfg = Debug|Any CPU
		{C8319DDF-A81C-4564-B771-91060AB0E963}.Debug|Any CPU.Build.0 = Debug|Any CPU
		{C8319DDF-A81C-4564-B771-91060AB0E963}.Release|Any CPU.ActiveCfg = Release|Any CPU
		{C8319DDF-A81C-4564-B771-91060AB0E963}.Release|Any CPU.Build.0 = Release|Any CPU
	EndGlobalSection
	GlobalSection(SolutionProperties) = preSolution
		HideSolutionNode = FALSE
	EndGlobalSection
	GlobalSection(ExtensibilityGlobals) = postSolution
		SolutionGuid = {D1C608C0-0CBE-4674-A494-02E0C5645618}
	EndGlobalSection
EndGlobal
